<?xml version="1.0" encoding="utf-8"?>
<Project ToolsVersion="4.0" xmlns="http://schemas.microsoft.com/developer/msbuild/2003">
  <ItemGroup>
    <Filter Include="來源檔案">
      <UniqueIdentifier>{4FC737F1-C7A5-4376-A066-2A32D752A2FF}</UniqueIdentifier>
      <Extensions>cpp;c;cc;cxx;c++;cppm;ixx;def;odl;idl;hpj;bat;asm;asmx</Extensions>
    </Filter>
    <Filter Include="標頭檔">
      <UniqueIdentifier>{93995380-89BD-4b04-88EB-625FBE52EBFB}</UniqueIdentifier>
      <Extensions>h;hh;hpp;hxx;h++;hm;inl;inc;ipp;xsd</Extensions>
    </Filter>
    <Filter Include="資源檔">
      <UniqueIdentifier>{67DA6AB6-F800-4c08-8B7A-83BB121AAD01}</UniqueIdentifier>
      <Extensions>rc;ico;cur;bmp;dlg;rc2;rct;bin;rgs;gif;jpg;jpeg;jpe;resx;tiff;tif;png;wav;mfcribbon-ms</Extensions>
    </Filter>
    <Filter Include="標頭檔\FLAMEServer">
      <UniqueIdentifier>{201329f8-0ffc-4b54-98ad-2e82077a08ea}</UniqueIdentifier>
    </Filter>
    <Filter Include="來源檔案\FLAMEServer">
      <UniqueIdentifier>{c16db659-c2ca-4ef3-8dec-d97906f1aed8}</UniqueIdentifier>
    </Filter>
    <Filter Include="標頭檔\proto">
      <UniqueIdentifier>{46f4c5cf-e464-4926-b1f1-c1804e8f2496}</UniqueIdentifier>
    </Filter>
    <Filter Include="來源檔案\proto">
      <UniqueIdentifier>{2cd2a37a-b69c-4e31-95a1-5cfb8f08b185}</UniqueIdentifier>
    </Filter>
  </ItemGroup>
  <ItemGroup>
    <ClCompile Include="FLAMEServer\FLAMEServer.cpp">
      <Filter>來源檔案\FLAMEServer</Filter>
    </ClCompile>
    <ClCompile Include="RouletteServer.cpp">
      <Filter>來源檔案</Filter>
    </ClCompile>
    <ClCompile Include="FLAMEServer\ClientSession.cpp">
      <Filter>來源檔案\FLAMEServer</Filter>
    </ClCompile>
    <ClCompile Include="CPlater.cpp">
      <Filter>來源檔案</Filter>
    </ClCompile>
    <ClCompile Include="proto\login.pb.cc">
      <Filter>來源檔案\proto</Filter>
    </ClCompile>
    <ClCompile Include="proto\game.pb.cc">
      <Filter>來源檔案\proto</Filter>
    </ClCompile>
    <ClCompile Include="CGameManager .cpp">
      <Filter>來源檔案</Filter>
    </ClCompile>
    <ClCompile Include="CEventManager .cpp">
      <Filter>來源檔案</Filter>
    </ClCompile>
    <ClCompile Include="CManagerDef.cpp">
      <Filter>來源檔案</Filter>
    </ClCompile>
    <ClCompile Include="ws_frame_tool.cpp">
      <Filter>來源檔案</Filter>
    </ClCompile>
  </ItemGroup>
  <ItemGroup>
    <ClInclude Include="FLAMEServer\ClientSession.h">
      <Filter>標頭檔\FLAMEServer</Filter>
    </ClInclude>
    <ClInclude Include="FLAMEServer\FLAMEServer.h">
      <Filter>標頭檔\FLAMEServer</Filter>
    </ClInclude>
    <ClInclude Include="CPlayer.h">
      <Filter>標頭檔</Filter>
    </ClInclude>
    <ClInclude Include="CHttpParser.h">
      <Filter>標頭檔</Filter>
    </ClInclude>
    <ClInclude Include="SHA1.h">
      <Filter>標頭檔</Filter>
    </ClInclude>
    <ClInclude Include="Base64.h">
      <Filter>標頭檔</Filter>
    </ClInclude>
    <ClInclude Include="proto\login.pb.h">
      <Filter>標頭檔\proto</Filter>
    </ClInclude>
    <ClInclude Include="ws_frame_tool.h">
      <Filter>標頭檔</Filter>
    </ClInclude>
    <ClInclude Include="protocol.h">
      <Filter>標頭檔</Filter>
    </ClInclude>
    <ClInclude Include="proto\game.pb.h">
      <Filter>標頭檔\proto</Filter>
    </ClInclude>
    <ClInclude Include="CGameManager.h">
      <Filter>標頭檔</Filter>
    </ClInclude>
    <ClInclude Include="CEventManager.h">
      <Filter>標頭檔</Filter>
    </ClInclude>
    <ClInclude Include="CManagerDef.h">
      <Filter>標頭檔</Filter>
    </ClInclude>
    <ClInclude Include="EventDef.h">
      <Filter>標頭檔</Filter>
    </ClInclude>
  </ItemGroup>
</Project>